// !$*UTF8*$!
{
	archiveVersion = 1;
	classes = {
	};
	objectVersion = 50;
	objects = {

/* Begin PBXBuildFile section */
		04CD8D53247A8F19006B6743 /* AppDelegate.swift in Sources */ = {isa = PBXBuildFile; fileRef = 04CD8D52247A8F19006B6743 /* AppDelegate.swift */; };
		04CD8D55247A8F19006B6743 /* SceneDelegate.swift in Sources */ = {isa = PBXBuildFile; fileRef = 04CD8D54247A8F19006B6743 /* SceneDelegate.swift */; };
		04CD8D57247A8F19006B6743 /* ContentView.swift in Sources */ = {isa = PBXBuildFile; fileRef = 04CD8D56247A8F19006B6743 /* ContentView.swift */; };
		04CD8D59247A8F19006B6743 /* Assets.xcassets in Resources */ = {isa = PBXBuildFile; fileRef = 04CD8D58247A8F19006B6743 /* Assets.xcassets */; };
		04CD8D5C247A8F19006B6743 /* Preview Assets.xcassets in Resources */ = {isa = PBXBuildFile; fileRef = 04CD8D5B247A8F19006B6743 /* Preview Assets.xcassets */; };
		04CD8D5F247A8F19006B6743 /* LaunchScreen.storyboard in Resources */ = {isa = PBXBuildFile; fileRef = 04CD8D5D247A8F19006B6743 /* LaunchScreen.storyboard */; };
		04CD8D6A247A8F19006B6743 /* SudokuTests.swift in Sources */ = {isa = PBXBuildFile; fileRef = 04CD8D69247A8F19006B6743 /* SudokuTests.swift */; };
		04CD8D75247A8F19006B6743 /* SudokuUITests.swift in Sources */ = {isa = PBXBuildFile; fileRef = 04CD8D74247A8F19006B6743 /* SudokuUITests.swift */; };
/* End PBXBuildFile section */

/* Begin PBXContainerItemProxy section */
		04CD8D66247A8F19006B6743 /* PBXContainerItemProxy */ = {
			isa = PBXContainerItemProxy;
			containerPortal = 04CD8D47247A8F19006B6743 /* Project object */;
			proxyType = 1;
			remoteGlobalIDString = 04CD8D4E247A8F19006B6743;
			remoteInfo = Sudoku;
		};
		04CD8D71247A8F19006B6743 /* PBXContainerItemProxy */ = {
			isa = PBXContainerItemProxy;
			containerPortal = 04CD8D47247A8F19006B6743 /* Project object */;
			proxyType = 1;
			remoteGlobalIDString = 04CD8D4E247A8F19006B6743;
			remoteInfo = Sudoku;
		};
/* End PBXContainerItemProxy section */

/* Begin PBXFileReference section */
		04CD8D4F247A8F19006B6743 /* Sudoku.app */ = {isa = PBXFileReference; explicitFileType = wrapper.application; includeInIndex = 0; path = Sudoku.app; sourceTree = BUILT_PRODUCTS_DIR; };
		04CD8D52247A8F19006B6743 /* AppDelegate.swift */ = {isa = PBXFileReference; lastKnownFileType = sourcecode.swift; path = AppDelegate.swift; sourceTree = "<group>"; };
		04CD8D54247A8F19006B6743 /* SceneDelegate.swift */ = {isa = PBXFileReference; lastKnownFileType = sourcecode.swift; path = SceneDelegate.swift; sourceTree = "<group>"; };
		04CD8D56247A8F19006B6743 /* ContentView.swift */ = {isa = PBXFileReference; lastKnownFileType = sourcecode.swift; path = ContentView.swift; sourceTree = "<group>"; };
		04CD8D58247A8F19006B6743 /* Assets.xcassets */ = {isa = PBXFileReference; lastKnownFileType = folder.assetcatalog; path = Assets.xcassets; sourceTree = "<group>"; };
		04CD8D5B247A8F19006B6743 /* Preview Assets.xcassets */ = {isa = PBXFileReference; lastKnownFileType = folder.assetcatalog; path = "Preview Assets.xcassets"; sourceTree = "<group>"; };
		04CD8D5E247A8F19006B6743 /* Base */ = {isa = PBXFileReference; lastKnownFileType = file.storyboard; name = Base; path = Base.lproj/LaunchScreen.storyboard; sourceTree = "<group>"; };
		04CD8D60247A8F19006B6743 /* Info.plist */ = {isa = PBXFileReference; lastKnownFileType = text.plist.xml; path = Info.plist; sourceTree = "<group>"; };
		04CD8D65247A8F19006B6743 /* SudokuTests.xctest */ = {isa = PBXFileReference; explicitFileType = wrapper.cfbundle; includeInIndex = 0; path = SudokuTests.xctest; sourceTree = BUILT_PRODUCTS_DIR; };
		04CD8D69247A8F19006B6743 /* SudokuTests.swift */ = {isa = PBXFileReference; lastKnownFileType = sourcecode.swift; path = SudokuTests.swift; sourceTree = "<group>"; };
		04CD8D6B247A8F19006B6743 /* Info.plist */ = {isa = PBXFileReference; lastKnownFileType = text.plist.xml; path = Info.plist; sourceTree = "<group>"; };
		04CD8D70247A8F19006B6743 /* SudokuUITests.xctest */ = {isa = PBXFileReference; explicitFileType = wrapper.cfbundle; includeInIndex = 0; path = SudokuUITests.xctest; sourceTree = BUILT_PRODUCTS_DIR; };
		04CD8D74247A8F19006B6743 /* SudokuUITests.swift */ = {isa = PBXFileReference; lastKnownFileType = sourcecode.swift; path = SudokuUITests.swift; sourceTree = "<group>"; };
		04CD8D76247A8F19006B6743 /* Info.plist */ = {isa = PBXFileReference; lastKnownFileType = text.plist.xml; path = Info.plist; sourceTree = "<group>"; };
/* End PBXFileReference section */

/* Begin PBXFrameworksBuildPhase section */
		04CD8D4C247A8F19006B6743 /* Frameworks */ = {
			isa = PBXFrameworksBuildPhase;
			buildActionMask = 2147483647;
			files = (
			);
			runOnlyForDeploymentPostprocessing = 0;
		};
		04CD8D62247A8F19006B6743 /* Frameworks */ = {
			isa = PBXFrameworksBuildPhase;
			buildActionMask = 2147483647;
			files = (
			);
			runOnlyForDeploymentPostprocessing = 0;
		};
		04CD8D6D247A8F19006B6743 /* Frameworks */ = {
			isa = PBXFrameworksBuildPhase;
			buildActionMask = 2147483647;
			files = (
			);
			runOnlyForDeploymentPostprocessing = 0;
		};
/* End PBXFrameworksBuildPhase section */

/* Begin PBXGroup section */
		04CD8D46247A8F19006B6743 = {
			isa = PBXGroup;
			children = (
				04CD8D51247A8F19006B6743 /* Sudoku */,
				04CD8D68247A8F19006B6743 /* SudokuTests */,
				04CD8D73247A8F19006B6743 /* SudokuUITests */,
				04CD8D50247A8F19006B6743 /* Products */,
			);
			sourceTree = "<group>";
		};
		04CD8D50247A8F19006B6743 /* Products */ = {
			isa = PBXGroup;
			children = (
				04CD8D4F247A8F19006B6743 /* Sudoku.app */,
				04CD8D65247A8F19006B6743 /* SudokuTests.xctest */,
				04CD8D70247A8F19006B6743 /* SudokuUITests.xctest */,
			);
			name = Products;
			sourceTree = "<group>";
		};
		04CD8D51247A8F19006B6743 /* Sudoku */ = {
			isa = PBXGroup;
			children = (
				04CD8D52247A8F19006B6743 /* AppDelegate.swift */,
				04CD8D54247A8F19006B6743 /* SceneDelegate.swift */,
				04CD8D56247A8F19006B6743 /* ContentView.swift */,
				04CD8D58247A8F19006B6743 /* Assets.xcassets */,
				04CD8D5D247A8F19006B6743 /* LaunchScreen.storyboard */,
				04CD8D60247A8F19006B6743 /* Info.plist */,
				04CD8D5A247A8F19006B6743 /* Preview Content */,
			);
			path = Sudoku;
			sourceTree = "<group>";
		};
		04CD8D5A247A8F19006B6743 /* Preview Content */ = {
			isa = PBXGroup;
			children = (
				04CD8D5B247A8F19006B6743 /* Preview Assets.xcassets */,
			);
			path = "Preview Content";
			sourceTree = "<group>";
		};
		04CD8D68247A8F19006B6743 /* SudokuTests */ = {
			isa = PBXGroup;
			children = (
				04CD8D69247A8F19006B6743 /* SudokuTests.swift */,
				04CD8D6B247A8F19006B6743 /* Info.plist */,
			);
			path = SudokuTests;
			sourceTree = "<group>";
		};
		04CD8D73247A8F19006B6743 /* SudokuUITests */ = {
			isa = PBXGroup;
			children = (
				04CD8D74247A8F19006B6743 /* SudokuUITests.swift */,
				04CD8D76247A8F19006B6743 /* Info.plist */,
			);
			path = SudokuUITests;
			sourceTree = "<group>";
		};
/* End PBXGroup section */

/* Begin PBXNativeTarget section */
		04CD8D4E247A8F19006B6743 /* Sudoku */ = {
			isa = PBXNativeTarget;
			buildConfigurationList = 04CD8D79247A8F19006B6743 /* Build configuration list for PBXNativeTarget "Sudoku" */;
			buildPhases = (
				04CD8D4B247A8F19006B6743 /* Sources */,
				04CD8D4C247A8F19006B6743 /* Frameworks */,
				04CD8D4D247A8F19006B6743 /* Resources */,
			);
			buildRules = (
			);
			dependencies = (
			);
			name = Sudoku;
			productName = Sudoku;
			productReference = 04CD8D4F247A8F19006B6743 /* Sudoku.app */;
			productType = "com.apple.product-type.application";
		};
		04CD8D64247A8F19006B6743 /* SudokuTests */ = {
			isa = PBXNativeTarget;
			buildConfigurationList = 04CD8D7C247A8F19006B6743 /* Build configuration list for PBXNativeTarget "SudokuTests" */;
			buildPhases = (
				04CD8D61247A8F19006B6743 /* Sources */,
				04CD8D62247A8F19006B6743 /* Frameworks */,
				04CD8D63247A8F19006B6743 /* Resources */,
			);
			buildRules = (
			);
			dependencies = (
				04CD8D67247A8F19006B6743 /* PBXTargetDependency */,
			);
			name = SudokuTests;
			productName = SudokuTests;
			productReference = 04CD8D65247A8F19006B6743 /* SudokuTests.xctest */;
			productType = "com.apple.product-type.bundle.unit-test";
		};
		04CD8D6F247A8F19006B6743 /* SudokuUITests */ = {
			isa = PBXNativeTarget;
			buildConfigurationList = 04CD8D7F247A8F19006B6743 /* Build configuration list for PBXNativeTarget "SudokuUITests" */;
			buildPhases = (
				04CD8D6C247A8F19006B6743 /* Sources */,
				04CD8D6D247A8F19006B6743 /* Frameworks */,
				04CD8D6E247A8F19006B6743 /* Resources */,
			);
			buildRules = (
			);
			dependencies = (
				04CD8D72247A8F19006B6743 /* PBXTargetDependency */,
			);
			name = SudokuUITests;
			productName = SudokuUITests;
			productReference = 04CD8D70247A8F19006B6743 /* SudokuUITests.xctest */;
			productType = "com.apple.product-type.bundle.ui-testing";
		};
/* End PBXNativeTarget section */

/* Begin PBXProject section */
		04CD8D47247A8F19006B6743 /* Project object */ = {
			isa = PBXProject;
			attributes = {
				LastSwiftUpdateCheck = 1150;
				LastUpgradeCheck = 1150;
				ORGANIZATIONNAME = CuteWisp;
				TargetAttributes = {
					04CD8D4E247A8F19006B6743 = {
						CreatedOnToolsVersion = 11.5;
					};
					04CD8D64247A8F19006B6743 = {
						CreatedOnToolsVersion = 11.5;
						TestTargetID = 04CD8D4E247A8F19006B6743;
					};
					04CD8D6F247A8F19006B6743 = {
						CreatedOnToolsVersion = 11.5;
						TestTargetID = 04CD8D4E247A8F19006B6743;
					};
				};
			};
			buildConfigurationList = 04CD8D4A247A8F19006B6743 /* Build configuration list for PBXProject "Sudoku" */;
			compatibilityVersion = "Xcode 9.3";
			developmentRegion = en;
			hasScannedForEncodings = 0;
			knownRegions = (
				en,
				Base,
			);
			mainGroup = 04CD8D46247A8F19006B6743;
			productRefGroup = 04CD8D50247A8F19006B6743 /* Products */;
			projectDirPath = "";
			projectRoot = "";
			targets = (
				04CD8D4E247A8F19006B6743 /* Sudoku */,
				04CD8D64247A8F19006B6743 /* SudokuTests */,
				04CD8D6F247A8F19006B6743 /* SudokuUITests */,
			);
		};
/* End PBXProject section */

/* Begin PBXResourcesBuildPhase section */
		04CD8D4D247A8F19006B6743 /* Resources */ = {
			isa = PBXResourcesBuildPhase;
			buildActionMask = 2147483647;
			files = (
				04CD8D5F247A8F19006B6743 /* LaunchScreen.storyboard in Resources */,
				04CD8D5C247A8F19006B6743 /* Preview Assets.xcassets in Resources */,
				04CD8D59247A8F19006B6743 /* Assets.xcassets in Resources */,
			);
			runOnlyForDeploymentPostprocessing = 0;
		};
		04CD8D63247A8F19006B6743 /* Resources */ = {
			isa = PBXResourcesBuildPhase;
			buildActionMask = 2147483647;
			files = (
			);
			runOnlyForDeploymentPostprocessing = 0;
		};
		04CD8D6E247A8F19006B6743 /* Resources */ = {
			isa = PBXResourcesBuildPhase;
			buildActionMask = 2147483647;
			files = (
			);
			runOnlyForDeploymentPostprocessing = 0;
		};
/* End PBXResourcesBuildPhase section */

/* Begin PBXSourcesBuildPhase section */
		04CD8D4B247A8F19006B6743 /* Sources */ = {
			isa = PBXSourcesBuildPhase;
			buildActionMask = 2147483647;
			files = (
				04CD8D53247A8F19006B6743 /* AppDelegate.swift in Sources */,
				04CD8D55247A8F19006B6743 /* SceneDelegate.swift in Sources */,
				04CD8D57247A8F19006B6743 /* ContentView.swift in Sources */,
			);
			runOnlyForDeploymentPostprocessing = 0;
		};
		04CD8D61247A8F19006B6743 /* Sources */ = {
			isa = PBXSourcesBuildPhase;
			buildActionMask = 2147483647;
			files = (
				04CD8D6A247A8F19006B6743 /* SudokuTests.swift in Sources */,
			);
			runOnlyForDeploymentPostprocessing = 0;
		};
		04CD8D6C247A8F19006B6743 /* Sources */ = {
			isa = PBXSourcesBuildPhase;
			buildActionMask = 2147483647;
			files = (
				04CD8D75247A8F19006B6743 /* SudokuUITests.swift in Sources */,
			);
			runOnlyForDeploymentPostprocessing = 0;
		};
/* End PBXSourcesBuildPhase section */

/* Begin PBXTargetDependency section */
		04CD8D67247A8F19006B6743 /* PBXTargetDependency */ = {
			isa = PBXTargetDependency;
			target = 04CD8D4E247A8F19006B6743 /* Sudoku */;
			targetProxy = 04CD8D66247A8F19006B6743 /* PBXContainerItemProxy */;
		};
		04CD8D72247A8F19006B6743 /* PBXTargetDependency */ = {
			isa = PBXTargetDependency;
			target = 04CD8D4E247A8F19006B6743 /* Sudoku */;
			targetProxy = 04CD8D71247A8F19006B6743 /* PBXContainerItemProxy */;
		};
/* End PBXTargetDependency section */

/* Begin PBXVariantGroup section */
		04CD8D5D247A8F19006B6743 /* LaunchScreen.storyboard */ = {
			isa = PBXVariantGroup;
			children = (
				04CD8D5E247A8F19006B6743 /* Base */,
			);
			name = LaunchScreen.storyboard;
			sourceTree = "<group>";
		};
/* End PBXVariantGroup section */

/* Begin XCBuildConfiguration section */
		04CD8D77247A8F19006B6743 /* Debug */ = {
			isa = XCBuildConfiguration;
			buildSettings = {
				ALWAYS_SEARCH_USER_PATHS = NO;
				CLANG_ANALYZER_NONNULL = YES;
				CLANG_ANALYZER_NUMBER_OBJECT_CONVERSION = YES_AGGRESSIVE;
				CLANG_CXX_LANGUAGE_STANDARD = "gnu++14";
				CLANG_CXX_LIBRARY = "libc++";
				CLANG_ENABLE_MODULES = YES;
				CLANG_ENABLE_OBJC_ARC = YES;
				CLANG_ENABLE_OBJC_WEAK = YES;
				CLANG_WARN_BLOCK_CAPTURE_AUTORELEASING = YES;
				CLANG_WARN_BOOL_CONVERSION = YES;
				CLANG_WARN_COMMA = YES;
				CLANG_WARN_CONSTANT_CONVERSION = YES;
				CLANG_WARN_DEPRECATED_OBJC_IMPLEMENTATIONS = YES;
				CLANG_WARN_DIRECT_OBJC_ISA_USAGE = YES_ERROR;
				CLANG_WARN_DOCUMENTATION_COMMENTS = YES;
				CLANG_WARN_EMPTY_BODY = YES;
				CLANG_WARN_ENUM_CONVERSION = YES;
				CLANG_WARN_INFINITE_RECURSION = YES;
				CLANG_WARN_INT_CONVERSION = YES;
				CLANG_WARN_NON_LITERAL_NULL_CONVERSION = YES;
				CLANG_WARN_OBJC_IMPLICIT_RETAIN_SELF = YES;
				CLANG_WARN_OBJC_LITERAL_CONVERSION = YES;
				CLANG_WARN_OBJC_ROOT_CLASS = YES_ERROR;
				CLANG_WARN_RANGE_LOOP_ANALYSIS = YES;
				CLANG_WARN_STRICT_PROTOTYPES = YES;
				CLANG_WARN_SUSPICIOUS_MOVE = YES;
				CLANG_WARN_UNGUARDED_AVAILABILITY = YES_AGGRESSIVE;
				CLANG_WARN_UNREACHABLE_CODE = YES;
				CLANG_WARN__DUPLICATE_METHOD_MATCH = YES;
				COPY_PHASE_STRIP = NO;
				DEBUG_INFORMATION_FORMAT = dwarf;
				ENABLE_STRICT_OBJC_MSGSEND = YES;
				ENABLE_TESTABILITY = YES;
				GCC_C_LANGUAGE_STANDARD = gnu11;
				GCC_DYNAMIC_NO_PIC = NO;
				GCC_NO_COMMON_BLOCKS = YES;
				GCC_OPTIMIZATION_LEVEL = 0;
				GCC_PREPROCESSOR_DEFINITIONS = (
					"DEBUG=1",
					"$(inherited)",
				);
				GCC_WARN_64_TO_32_BIT_CONVERSION = YES;
				GCC_WARN_ABOUT_RETURN_TYPE = YES_ERROR;
				GCC_WARN_UNDECLARED_SELECTOR = YES;
				GCC_WARN_UNINITIALIZED_AUTOS = YES_AGGRESSIVE;
				GCC_WARN_UNUSED_FUNCTION = YES;
				GCC_WARN_UNUSED_VARIABLE = YES;
				IPHONEOS_DEPLOYMENT_TARGET = 13.5;
				MTL_ENABLE_DEBUG_INFO = INCLUDE_SOURCE;
				MTL_FAST_MATH = YES;
				ONLY_ACTIVE_ARCH = YES;
				SDKROOT = iphoneos;
				SWIFT_ACTIVE_COMPILATION_CONDITIONS = DEBUG;
				SWIFT_OPTIMIZATION_LEVEL = "-Onone";
			};
			name = Debug;
		};
		04CD8D78247A8F19006B6743 /* Release */ = {
			isa = XCBuildConfiguration;
			buildSettings = {
				ALWAYS_SEARCH_USER_PATHS = NO;
				CLANG_ANALYZER_NONNULL = YES;
				CLANG_ANALYZER_NUMBER_OBJECT_CONVERSION = YES_AGGRESSIVE;
				CLANG_CXX_LANGUAGE_STANDARD = "gnu++14";
				CLANG_CXX_LIBRARY = "libc++";
				CLANG_ENABLE_MODULES = YES;
				CLANG_ENABLE_OBJC_ARC = YES;
				CLANG_ENABLE_OBJC_WEAK = YES;
				CLANG_WARN_BLOCK_CAPTURE_AUTORELEASING = YES;
				CLANG_WARN_BOOL_CONVERSION = YES;
				CLANG_WARN_COMMA = YES;
				CLANG_WARN_CONSTANT_CONVERSION = YES;
				CLANG_WARN_DEPRECATED_OBJC_IMPLEMENTATIONS = YES;
				CLANG_WARN_DIRECT_OBJC_ISA_USAGE = YES_ERROR;
				CLANG_WARN_DOCUMENTATION_COMMENTS = YES;
				CLANG_WARN_EMPTY_BODY = YES;
				CLANG_WARN_ENUM_CONVERSION = YES;
				CLANG_WARN_INFINITE_RECURSION = YES;
				CLANG_WARN_INT_CONVERSION = YES;
				CLANG_WARN_NON_LITERAL_NULL_CONVERSION = YES;
				CLANG_WARN_OBJC_IMPLICIT_RETAIN_SELF = YES;
				CLANG_WARN_OBJC_LITERAL_CONVERSION = YES;
				CLANG_WARN_OBJC_ROOT_CLASS = YES_ERROR;
				CLANG_WARN_RANGE_LOOP_ANALYSIS = YES;
				CLANG_WARN_STRICT_PROTOTYPES = YES;
				CLANG_WARN_SUSPICIOUS_MOVE = YES;
				CLANG_WARN_UNGUARDED_AVAILABILITY = YES_AGGRESSIVE;
				CLANG_WARN_UNREACHABLE_CODE = YES;
				CLANG_WARN__DUPLICATE_METHOD_MATCH = YES;
				COPY_PHASE_STRIP = NO;
				DEBUG_INFORMATION_FORMAT = "dwarf-with-dsym";
				ENABLE_NS_ASSERTIONS = NO;
				ENABLE_STRICT_OBJC_MSGSEND = YES;
				GCC_C_LANGUAGE_STANDARD = gnu11;
				GCC_NO_COMMON_BLOCKS = YES;
				GCC_WARN_64_TO_32_BIT_CONVERSION = YES;
				GCC_WARN_ABOUT_RETURN_TYPE = YES_ERROR;
				GCC_WARN_UNDECLARED_SELECTOR = YES;
				GCC_WARN_UNINITIALIZED_AUTOS = YES_AGGRESSIVE;
				GCC_WARN_UNUSED_FUNCTION = YES;
				GCC_WARN_UNUSED_VARIABLE = YES;
				IPHONEOS_DEPLOYMENT_TARGET = 13.5;
				MTL_ENABLE_DEBUG_INFO = NO;
				MTL_FAST_MATH = YES;
				SDKROOT = iphoneos;
				SWIFT_COMPILATION_MODE = wholemodule;
				SWIFT_OPTIMIZATION_LEVEL = "-O";
				VALIDATE_PRODUCT = YES;
			};
			name = Release;
		};
		04CD8D7A247A8F19006B6743 /* Debug */ = {
			isa = XCBuildConfiguration;
			buildSettings = {
				ASSETCATALOG_COMPILER_APPICON_NAME = AppIcon;
				CODE_SIGN_STYLE = Automatic;
				DEVELOPMENT_ASSET_PATHS = "\"Sudoku/Preview Content\"";
				ENABLE_PREVIEWS = YES;
				INFOPLIST_FILE = Sudoku/Info.plist;
				LD_RUNPATH_SEARCH_PATHS = (
					"$(inherited)",
					"@executable_path/Frameworks",
				);
				PRODUCT_BUNDLE_IDENTIFIER = CuteWisp.Sudoku;
				PRODUCT_NAME = "$(TARGET_NAME)";
				SWIFT_VERSION = 5.0;
				TARGETED_DEVICE_FAMILY = "1,2";
			};
			name = Debug;
		};
		04CD8D7B247A8F19006B6743 /* Release */ = {
			isa = XCBuildConfiguration;
			buildSettings = {
				ASSETCATALOG_COMPILER_APPICON_NAME = AppIcon;
				CODE_SIGN_STYLE = Automatic;
				DEVELOPMENT_ASSET_PATHS = "\"Sudoku/Preview Content\"";
				ENABLE_PREVIEWS = YES;
				INFOPLIST_FILE = Sudoku/Info.plist;
				LD_RUNPATH_SEARCH_PATHS = (
					"$(inherited)",
					"@executable_path/Frameworks",
				);
				PRODUCT_BUNDLE_IDENTIFIER = CuteWisp.Sudoku;
				PRODUCT_NAME = "$(TARGET_NAME)";
				SWIFT_VERSION = 5.0;
				TARGETED_DEVICE_FAMILY = "1,2";
			};
			name = Release;
		};
		04CD8D7D247A8F19006B6743 /* Debug */ = {
			isa = XCBuildConfiguration;
			buildSettings = {
				ALWAYS_EMBED_SWIFT_STANDARD_LIBRARIES = YES;
				BUNDLE_LOADER = "$(TEST_HOST)";
				CODE_SIGN_STYLE = Automatic;
				INFOPLIST_FILE = SudokuTests/Info.plist;
				IPHONEOS_DEPLOYMENT_TARGET = 13.5;
				LD_RUNPATH_SEARCH_PATHS = (
					"$(inherited)",
					"@executable_path/Frameworks",
					"@loader_path/Frameworks",
				);
				PRODUCT_BUNDLE_IDENTIFIER = CuteWisp.SudokuTests;
				PRODUCT_NAME = "$(TARGET_NAME)";
				SWIFT_VERSION = 5.0;
				TARGETED_DEVICE_FAMILY = "1,2";
				TEST_HOST = "$(BUILT_PRODUCTS_DIR)/Sudoku.app/Sudoku";
			};
			name = Debug;
		};
		04CD8D7E247A8F19006B6743 /* Release */ = {
			isa = XCBuildConfiguration;
			buildSettings = {
				ALWAYS_EMBED_SWIFT_STANDARD_LIBRARIES = YES;
				BUNDLE_LOADER = "$(TEST_HOST)";
				CODE_SIGN_STYLE = Automatic;
				INFOPLIST_FILE = SudokuTests/Info.plist;
				IPHONEOS_DEPLOYMENT_TARGET = 13.5;
				LD_RUNPATH_SEARCH_PATHS = (
					"$(inherited)",
					"@executable_path/Frameworks",
					"@loader_path/Frameworks",
				);
				PRODUCT_BUNDLE_IDENTIFIER = CuteWisp.SudokuTests;
				PRODUCT_NAME = "$(TARGET_NAME)";
				SWIFT_VERSION = 5.0;
				TARGETED_DEVICE_FAMILY = "1,2";
				TEST_HOST = "$(BUILT_PRODUCTS_DIR)/Sudoku.app/Sudoku";
			};
			name = Release;
		};
		04CD8D80247A8F19006B6743 /* Debug */ = {
			isa = XCBuildConfiguration;
			buildSettings = {
				ALWAYS_EMBED_SWIFT_STANDARD_LIBRARIES = YES;
				CODE_SIGN_STYLE = Automatic;
				INFOPLIST_FILE = SudokuUITests/Info.plist;
				LD_RUNPATH_SEARCH_PATHS = (
					"$(inherited)",
					"@executable_path/Frameworks",
					"@loader_path/Frameworks",
				);
				PRODUCT_BUNDLE_IDENTIFIER = CuteWisp.SudokuUITests;
				PRODUCT_NAME = "$(TARGET_NAME)";
				SWIFT_VERSION = 5.0;
				TARGETED_DEVICE_FAMILY = "1,2";
				TEST_TARGET_NAME = Sudoku;
			};
			name = Debug;
		};
		04CD8D81247A8F19006B6743 /* Release */ = {
			isa = XCBuildConfiguration;
			buildSettings = {
				ALWAYS_EMBED_SWIFT_STANDARD_LIBRARIES = YES;
				CODE_SIGN_STYLE = Automatic;
				INFOPLIST_FILE = SudokuUITests/Info.plist;
				LD_RUNPATH_SEARCH_PATHS = (
					"$(inherited)",
					"@executable_path/Frameworks",
					"@loader_path/Frameworks",
				);
				PRODUCT_BUNDLE_IDENTIFIER = CuteWisp.SudokuUITests;
				PRODUCT_NAME = "$(TARGET_NAME)";
				SWIFT_VERSION = 5.0;
				TARGETED_DEVICE_FAMILY = "1,2";
				TEST_TARGET_NAME = Sudoku;
			};
			name = Release;
		};
/* End XCBuildConfiguration section */

/* Begin XCConfigurationList section */
		04CD8D4A247A8F19006B6743 /* Build configuration list for PBXProject "Sudoku" */ = {
			isa = XCConfigurationList;
			buildConfigurations = (
				04CD8D77247A8F19006B6743 /* Debug */,
				04CD8D78247A8F19006B6743 /* Release */,
			);
			defaultConfigurationIsVisible = 0;
			defaultConfigurationName = Release;
		};
		04CD8D79247A8F19006B6743 /* Build configuration list for PBXNativeTarget "Sudoku" */ = {
			isa = XCConfigurationList;
			buildConfigurations = (
				04CD8D7A247A8F19006B6743 /* Debug */,
				04CD8D7B247A8F19006B6743 /* Release */,
			);
			defaultConfigurationIsVisible = 0;
			defaultConfigurationName = Release;
		};
		04CD8D7C247A8F19006B6743 /* Build configuration list for PBXNativeTarget "SudokuTests" */ = {
			isa = XCConfigurationList;
			buildConfigurations = (
				04CD8D7D247A8F19006B6743 /* Debug */,
				04CD8D7E247A8F19006B6743 /* Release */,
			);
			defaultConfigurationIsVisible = 0;
			defaultConfigurationName = Release;
		};
		04CD8D7F247A8F19006B6743 /* Build configuration list for PBXNativeTarget "SudokuUITests" */ = {
			isa = XCConfigurationList;
			buildConfigurations = (
				04CD8D80247A8F19006B6743 /* Debug */,
				04CD8D81247A8F19006B6743 /* Release */,
			);
			defaultConfigurationIsVisible = 0;
			defaultConfigurationName = Release;
		};
/* End XCConfigurationList section */
	};
	rootObject = 04CD8D47247A8F19006B6743 /* Project object */;
}
